
Microsoft Visual Studio Solution File, Format Version 11.00
# Visual Studio 2010
Project("{FAE04EC0-301F-11D3-BF4B-00C04F79EFBC}") = "simplecalculator", "simplecalculator\simplecalculator.csproj", "{CB8D4A3E-D1B0-489D-81F6-904E0A82D87C}"
EndProject
Global
	GlobalSection(SolutionConfigurationPlatforms) = preSolution
		Debug|x86 = Debug|x86
		Release|x86 = Release|x86
	EndGlobalSection
	GlobalSection(ProjectConfigurationPlatforms) = postSolution
		{CB8D4A3E-D1B0-489D-81F6-904E0A82D87C}.Debug|x86.ActiveCfg = Debug|x86
		{CB8D4A3E-D1B0-489D-81F6-904E0A82D87C}.Debug|x86.Build.0 = Debug|x86
		{CB8D4A3E-D1B0-489D-81F6-904E0A82D87C}.Release|x86.ActiveCfg = Release|x86
		{CB8D4A3E-D1B0-489D-81F6-904E0A82D87C}.Release|x86.Build.0 = Release|x86
	EndGlobalSection
	GlobalSection(SolutionProperties) = preSolution
		HideSolutionNode = FALSE
	EndGlobalSection
EndGlobal
